
Microsoft Visual Studio Solution File, Format Version 12.00
# Visual Studio Version 18
VisualStudioVersion = 18.0.11222.15
MinimumVisualStudioVersion = 10.0.40219.1
Project("{FAE04EC0-301F-11D3-BF4B-00C04F79EFBC}") = "contains-duplicate", "Arrays & Hashing\contains-duplicate\contains-duplicate.csproj", "{98473DD2-F760-42AA-A048-EEA7E152ECBA}"
EndProject
Project("{FAE04EC0-301F-11D3-BF4B-00C04F79EFBC}") = "valid-anagram", "Arrays & Hashing\valid-anagram\valid-anagram.csproj", "{E95B273C-2ADE-420D-857B-789CDDE38BE8}"
EndProject
Project("{FAE04EC0-301F-11D3-BF4B-00C04F79EFBC}") = "two-sum", "Arrays & Hashing\two-sum\two-sum.csproj", "{DE4E0D19-C6F1-4232-90C4-21CDFD49C2E2}"
EndProject
Project("{FAE04EC0-301F-11D3-BF4B-00C04F79EFBC}") = "group-anagrams", "Arrays & Hashing\group-anagrams\group-anagrams.csproj", "{0AF84FF7-160C-4CBE-BE3E-57C5C6FA8856}"
EndProject
Project("{FAE04EC0-301F-11D3-BF4B-00C04F79EFBC}") = "top-k-frequent-elements", "Arrays & Hashing\top-k-frequent-elements\top-k-frequent-elements.csproj", "{EC6FF6A7-4750-4444-94A8-268E9B8DA983}"
EndProject
Project("{2150E333-8FDC-42A3-9474-1A3956D46DE8}") = "Arrays & Hashing", "Arrays & Hashing", "{304EA55B-E0ED-744F-403F-F060C9752FBF}"
EndProject
Project("{FAE04EC0-301F-11D3-BF4B-00C04F79EFBC}") = "product-of-array-except-self", "Arrays & Hashing\product-of-array-except-self\product-of-array-except-self.csproj", "{3B35C900-18C8-42DF-AE6E-8AE60924DF88}"
EndProject
Project("{2150E333-8FDC-42A3-9474-1A3956D46DE8}") = "Two Pointers", "Two Pointers", "{96AF2565-44E1-78C2-B29D-5629D89543BB}"
EndProject
Project("{FAE04EC0-301F-11D3-BF4B-00C04F79EFBC}") = "3sum", "Two Pointers\3sum\3sum.csproj", "{C0E50200-10E3-4002-AC69-B77FC3CE98B7}"
EndProject
Project("{FAE04EC0-301F-11D3-BF4B-00C04F79EFBC}") = "two-sum-ii-input-array-is-sorted", "Two Pointers\two-sum-ii-input-array-is-sorted\two-sum-ii-input-array-is-sorted.csproj", "{715826F4-EA38-46FC-A669-65FBE8F71E6C}"
EndProject
Project("{FAE04EC0-301F-11D3-BF4B-00C04F79EFBC}") = "valid-palindrome", "Two Pointers\valid-palindrome\valid-palindrome.csproj", "{49C2C54E-6316-4574-92AA-675A1CCEDAA4}"
EndProject
Project("{FAE04EC0-301F-11D3-BF4B-00C04F79EFBC}") = "container-with-most-water", "Two Pointers\container-with-most-water\container-with-most-water.csproj", "{04783CE3-81CE-4291-A3A7-D65D0A5A67B0}"
EndProject
Project("{FAE04EC0-301F-11D3-BF4B-00C04F79EFBC}") = "trapping-rain-water", "Two Pointers\trapping-rain-water\trapping-rain-water.csproj", "{395D9E16-24D5-47BE-A14D-5403D8E4FDF7}"
EndProject
Global
	GlobalSection(SolutionConfigurationPlatforms) = preSolution
		Debug|Any CPU = Debug|Any CPU
		Debug|x64 = Debug|x64
		Debug|x86 = Debug|x86
		Release|Any CPU = Release|Any CPU
		Release|x64 = Release|x64
		Release|x86 = Release|x86
	EndGlobalSection
	GlobalSection(ProjectConfigurationPlatforms) = postSolution
		{98473DD2-F760-42AA-A048-EEA7E152ECBA}.Debug|Any CPU.ActiveCfg = Debug|Any CPU
		{98473DD2-F760-42AA-A048-EEA7E152ECBA}.Debug|Any CPU.Build.0 = Debug|Any CPU
		{98473DD2-F760-42AA-A048-EEA7E152ECBA}.Debug|x64.ActiveCfg = Debug|Any CPU
		{98473DD2-F760-42AA-A048-EEA7E152ECBA}.Debug|x64.Build.0 = Debug|Any CPU
		{98473DD2-F760-42AA-A048-EEA7E152ECBA}.Debug|x86.ActiveCfg = Debug|Any CPU
		{98473DD2-F760-42AA-A048-EEA7E152ECBA}.Debug|x86.Build.0 = Debug|Any CPU
		{98473DD2-F760-42AA-A048-EEA7E152ECBA}.Release|Any CPU.ActiveCfg = Release|Any CPU
		{98473DD2-F760-42AA-A048-EEA7E152ECBA}.Release|Any CPU.Build.0 = Release|Any CPU
		{98473DD2-F760-42AA-A048-EEA7E152ECBA}.Release|x64.ActiveCfg = Release|Any CPU
		{98473DD2-F760-42AA-A048-EEA7E152ECBA}.Release|x64.Build.0 = Release|Any CPU
		{98473DD2-F760-42AA-A048-EEA7E152ECBA}.Release|x86.ActiveCfg = Release|Any CPU
		{98473DD2-F760-42AA-A048-EEA7E152ECBA}.Release|x86.Build.0 = Release|Any CPU
		{E95B273C-2ADE-420D-857B-789CDDE38BE8}.Debug|Any CPU.ActiveCfg = Debug|Any CPU
		{E95B273C-2ADE-420D-857B-789CDDE38BE8}.Debug|Any CPU.Build.0 = Debug|Any CPU
		{E95B273C-2ADE-420D-857B-789CDDE38BE8}.Debug|x64.ActiveCfg = Debug|Any CPU
		{E95B273C-2ADE-420D-857B-789CDDE38BE8}.Debug|x64.Build.0 = Debug|Any CPU
		{E95B273C-2ADE-420D-857B-789CDDE38BE8}.Debug|x86.ActiveCfg = Debug|Any CPU
		{E95B273C-2ADE-420D-857B-789CDDE38BE8}.Debug|x86.Build.0 = Debug|Any CPU
		{E95B273C-2ADE-420D-857B-789CDDE38BE8}.Release|Any CPU.ActiveCfg = Release|Any CPU
		{E95B273C-2ADE-420D-857B-789CDDE38BE8}.Release|Any CPU.Build.0 = Release|Any CPU
		{E95B273C-2ADE-420D-857B-789CDDE38BE8}.Release|x64.ActiveCfg = Release|Any CPU
		{E95B273C-2ADE-420D-857B-789CDDE38BE8}.Release|x64.Build.0 = Release|Any CPU
		{E95B273C-2ADE-420D-857B-789CDDE38BE8}.Release|x86.ActiveCfg = Release|Any CPU
		{E95B273C-2ADE-420D-857B-789CDDE38BE8}.Release|x86.Build.0 = Release|Any CPU
		{DE4E0D19-C6F1-4232-90C4-21CDFD49C2E2}.Debug|Any CPU.ActiveCfg = Debug|Any CPU
		{DE4E0D19-C6F1-4232-90C4-21CDFD49C2E2}.Debug|Any CPU.Build.0 = Debug|Any CPU
		{DE4E0D19-C6F1-4232-90C4-21CDFD49C2E2}.Debug|x64.ActiveCfg = Debug|Any CPU
		{DE4E0D19-C6F1-4232-90C4-21CDFD49C2E2}.Debug|x64.Build.0 = Debug|Any CPU
		{DE4E0D19-C6F1-4232-90C4-21CDFD49C2E2}.Debug|x86.ActiveCfg = Debug|Any CPU
		{DE4E0D19-C6F1-4232-90C4-21CDFD49C2E2}.Debug|x86.Build.0 = Debug|Any CPU
		{DE4E0D19-C6F1-4232-90C4-21CDFD49C2E2}.Release|Any CPU.ActiveCfg = Release|Any CPU
		{DE4E0D19-C6F1-4232-90C4-21CDFD49C2E2}.Release|Any CPU.Build.0 = Release|Any CPU
		{DE4E0D19-C6F1-4232-90C4-21CDFD49C2E2}.Release|x64.ActiveCfg = Release|Any CPU
		{DE4E0D19-C6F1-4232-90C4-21CDFD49C2E2}.Release|x64.Build.0 = Release|Any CPU
		{DE4E0D19-C6F1-4232-90C4-21CDFD49C2E2}.Release|x86.ActiveCfg = Release|Any CPU
		{DE4E0D19-C6F1-4232-90C4-21CDFD49C2E2}.Release|x86.Build.0 = Release|Any CPU
		{0AF84FF7-160C-4CBE-BE3E-57C5C6FA8856}.Debug|Any CPU.ActiveCfg = Debug|Any CPU
		{0AF84FF7-160C-4CBE-BE3E-57C5C6FA8856}.Debug|Any CPU.Build.0 = Debug|Any CPU
		{0AF84FF7-160C-4CBE-BE3E-57C5C6FA8856}.Debug|x64.ActiveCfg = Debug|Any CPU
		{0AF84FF7-160C-4CBE-BE3E-57C5C6FA8856}.Debug|x64.Build.0 = Debug|Any CPU
		{0AF84FF7-160C-4CBE-BE3E-57C5C6FA8856}.Debug|x86.ActiveCfg = Debug|Any CPU
		{0AF84FF7-160C-4CBE-BE3E-57C5C6FA8856}.Debug|x86.Build.0 = Debug|Any CPU
		{0AF84FF7-160C-4CBE-BE3E-57C5C6FA8856}.Release|Any CPU.ActiveCfg = Release|Any CPU
		{0AF84FF7-160C-4CBE-BE3E-57C5C6FA8856}.Release|Any CPU.Build.0 = Release|Any CPU
		{0AF84FF7-160C-4CBE-BE3E-57C5C6FA8856}.Release|x64.ActiveCfg = Release|Any CPU
		{0AF84FF7-160C-4CBE-BE3E-57C5C6FA8856}.Release|x64.Build.0 = Release|Any CPU
		{0AF84FF7-160C-4CBE-BE3E-57C5C6FA8856}.Release|x86.ActiveCfg = Release|Any CPU
		{0AF84FF7-160C-4CBE-BE3E-57C5C6FA8856}.Release|x86.Build.0 = Release|Any CPU
		{EC6FF6A7-4750-4444-94A8-268E9B8DA983}.Debug|Any CPU.ActiveCfg = Debug|Any CPU
		{EC6FF6A7-4750-4444-94A8-268E9B8DA983}.Debug|Any CPU.Build.0 = Debug|Any CPU
		{EC6FF6A7-4750-4444-94A8-268E9B8DA983}.Debug|x64.ActiveCfg = Debug|Any CPU
		{EC6FF6A7-4750-4444-94A8-268E9B8DA983}.Debug|x64.Build.0 = Debug|Any CPU
		{EC6FF6A7-4750-4444-94A8-268E9B8DA983}.Debug|x86.ActiveCfg = Debug|Any CPU
		{EC6FF6A7-4750-4444-94A8-268E9B8DA983}.Debug|x86.Build.0 = Debug|Any CPU
		{EC6FF6A7-4750-4444-94A8-268E9B8DA983}.Release|Any CPU.ActiveCfg = Release|Any CPU
		{EC6FF6A7-4750-4444-94A8-268E9B8DA983}.Release|Any CPU.Build.0 = Release|Any CPU
		{EC6FF6A7-4750-4444-94A8-268E9B8DA983}.Release|x64.ActiveCfg = Release|Any CPU
		{EC6FF6A7-4750-4444-94A8-268E9B8DA983}.Release|x64.Build.0 = Release|Any CPU
		{EC6FF6A7-4750-4444-94A8-268E9B8DA983}.Release|x86.ActiveCfg = Release|Any CPU
		{EC6FF6A7-4750-4444-94A8-268E9B8DA983}.Release|x86.Build.0 = Release|Any CPU
		{3B35C900-18C8-42DF-AE6E-8AE60924DF88}.Debug|Any CPU.ActiveCfg = Debug|Any CPU
		{3B35C900-18C8-42DF-AE6E-8AE60924DF88}.Debug|Any CPU.Build.0 = Debug|Any CPU
		{3B35C900-18C8-42DF-AE6E-8AE60924DF88}.Debug|x64.ActiveCfg = Debug|Any CPU
		{3B35C900-18C8-42DF-AE6E-8AE60924DF88}.Debug|x64.Build.0 = Debug|Any CPU
		{3B35C900-18C8-42DF-AE6E-8AE60924DF88}.Debug|x86.ActiveCfg = Debug|Any CPU
		{3B35C900-18C8-42DF-AE6E-8AE60924DF88}.Debug|x86.Build.0 = Debug|Any CPU
		{3B35C900-18C8-42DF-AE6E-8AE60924DF88}.Release|Any CPU.ActiveCfg = Release|Any CPU
		{3B35C900-18C8-42DF-AE6E-8AE60924DF88}.Release|Any CPU.Build.0 = Release|Any CPU
		{3B35C900-18C8-42DF-AE6E-8AE60924DF88}.Release|x64.ActiveCfg = Release|Any CPU
		{3B35C900-18C8-42DF-AE6E-8AE60924DF88}.Release|x64.Build.0 = Release|Any CPU
		{3B35C900-18C8-42DF-AE6E-8AE60924DF88}.Release|x86.ActiveCfg = Release|Any CPU
		{3B35C900-18C8-42DF-AE6E-8AE60924DF88}.Release|x86.Build.0 = Release|Any CPU
		{C0E50200-10E3-4002-AC69-B77FC3CE98B7}.Debug|Any CPU.ActiveCfg = Debug|Any CPU
		{C0E50200-10E3-4002-AC69-B77FC3CE98B7}.Debug|Any CPU.Build.0 = Debug|Any CPU
		{C0E50200-10E3-4002-AC69-B77FC3CE98B7}.Debug|x64.ActiveCfg = Debug|Any CPU
		{C0E50200-10E3-4002-AC69-B77FC3CE98B7}.Debug|x64.Build.0 = Debug|Any CPU
		{C0E50200-10E3-4002-AC69-B77FC3CE98B7}.Debug|x86.ActiveCfg = Debug|Any CPU
		{C0E50200-10E3-4002-AC69-B77FC3CE98B7}.Debug|x86.Build.0 = Debug|Any CPU
		{C0E50200-10E3-4002-AC69-B77FC3CE98B7}.Release|Any CPU.ActiveCfg = Release|Any CPU
		{C0E50200-10E3-4002-AC69-B77FC3CE98B7}.Release|Any CPU.Build.0 = Release|Any CPU
		{C0E50200-10E3-4002-AC69-B77FC3CE98B7}.Release|x64.ActiveCfg = Release|Any CPU
		{C0E50200-10E3-4002-AC69-B77FC3CE98B7}.Release|x64.Build.0 = Release|Any CPU
		{C0E50200-10E3-4002-AC69-B77FC3CE98B7}.Release|x86.ActiveCfg = Release|Any CPU
		{C0E50200-10E3-4002-AC69-B77FC3CE98B7}.Release|x86.Build.0 = Release|Any CPU
		{715826F4-EA38-46FC-A669-65FBE8F71E6C}.Debug|Any CPU.ActiveCfg = Debug|Any CPU
		{715826F4-EA38-46FC-A669-65FBE8F71E6C}.Debug|Any CPU.Build.0 = Debug|Any CPU
		{715826F4-EA38-46FC-A669-65FBE8F71E6C}.Debug|x64.ActiveCfg = Debug|Any CPU
		{715826F4-EA38-46FC-A669-65FBE8F71E6C}.Debug|x64.Build.0 = Debug|Any CPU
		{715826F4-EA38-46FC-A669-65FBE8F71E6C}.Debug|x86.ActiveCfg = Debug|Any CPU
		{715826F4-EA38-46FC-A669-65FBE8F71E6C}.Debug|x86.Build.0 = Debug|Any CPU
		{715826F4-EA38-46FC-A669-65FBE8F71E6C}.Release|Any CPU.ActiveCfg = Release|Any CPU
		{715826F4-EA38-46FC-A669-65FBE8F71E6C}.Release|Any CPU.Build.0 = Release|Any CPU
		{715826F4-EA38-46FC-A669-65FBE8F71E6C}.Release|x64.ActiveCfg = Release|Any CPU
		{715826F4-EA38-46FC-A669-65FBE8F71E6C}.Release|x64.Build.0 = Release|Any CPU
		{715826F4-EA38-46FC-A669-65FBE8F71E6C}.Release|x86.ActiveCfg = Release|Any CPU
		{715826F4-EA38-46FC-A669-65FBE8F71E6C}.Release|x86.Build.0 = Release|Any CPU
		{49C2C54E-6316-4574-92AA-675A1CCEDAA4}.Debug|Any CPU.ActiveCfg = Debug|Any CPU
		{49C2C54E-6316-4574-92AA-675A1CCEDAA4}.Debug|Any CPU.Build.0 = Debug|Any CPU
		{49C2C54E-6316-4574-92AA-675A1CCEDAA4}.Debug|x64.ActiveCfg = Debug|Any CPU
		{49C2C54E-6316-4574-92AA-675A1CCEDAA4}.Debug|x64.Build.0 = Debug|Any CPU
		{49C2C54E-6316-4574-92AA-675A1CCEDAA4}.Debug|x86.ActiveCfg = Debug|Any CPU
		{49C2C54E-6316-4574-92AA-675A1CCEDAA4}.Debug|x86.Build.0 = Debug|Any CPU
		{49C2C54E-6316-4574-92AA-675A1CCEDAA4}.Release|Any CPU.ActiveCfg = Release|Any CPU
		{49C2C54E-6316-4574-92AA-675A1CCEDAA4}.Release|Any CPU.Build.0 = Release|Any CPU
		{49C2C54E-6316-4574-92AA-675A1CCEDAA4}.Release|x64.ActiveCfg = Release|Any CPU
		{49C2C54E-6316-4574-92AA-675A1CCEDAA4}.Release|x64.Build.0 = Release|Any CPU
		{49C2C54E-6316-4574-92AA-675A1CCEDAA4}.Release|x86.ActiveCfg = Release|Any CPU
		{49C2C54E-6316-4574-92AA-675A1CCEDAA4}.Release|x86.Build.0 = Release|Any CPU
		{04783CE3-81CE-4291-A3A7-D65D0A5A67B0}.Debug|Any CPU.ActiveCfg = Debug|Any CPU
		{04783CE3-81CE-4291-A3A7-D65D0A5A67B0}.Debug|Any CPU.Build.0 = Debug|Any CPU
		{04783CE3-81CE-4291-A3A7-D65D0A5A67B0}.Debug|x64.ActiveCfg = Debug|Any CPU
		{04783CE3-81CE-4291-A3A7-D65D0A5A67B0}.Debug|x64.Build.0 = Debug|Any CPU
		{04783CE3-81CE-4291-A3A7-D65D0A5A67B0}.Debug|x86.ActiveCfg = Debug|Any CPU
		{04783CE3-81CE-4291-A3A7-D65D0A5A67B0}.Debug|x86.Build.0 = Debug|Any CPU
		{04783CE3-81CE-4291-A3A7-D65D0A5A67B0}.Release|Any CPU.ActiveCfg = Release|Any CPU
		{04783CE3-81CE-4291-A3A7-D65D0A5A67B0}.Release|Any CPU.Build.0 = Release|Any CPU
		{04783CE3-81CE-4291-A3A7-D65D0A5A67B0}.Release|x64.ActiveCfg = Release|Any CPU
		{04783CE3-81CE-4291-A3A7-D65D0A5A67B0}.Release|x64.Build.0 = Release|Any CPU
		{04783CE3-81CE-4291-A3A7-D65D0A5A67B0}.Release|x86.ActiveCfg = Release|Any CPU
		{04783CE3-81CE-4291-A3A7-D65D0A5A67B0}.Release|x86.Build.0 = Release|Any CPU
		{395D9E16-24D5-47BE-A14D-5403D8E4FDF7}.Debug|Any CPU.ActiveCfg = Debug|Any CPU
		{395D9E16-24D5-47BE-A14D-5403D8E4FDF7}.Debug|Any CPU.Build.0 = Debug|Any CPU
		{395D9E16-24D5-47BE-A14D-5403D8E4FDF7}.Debug|x64.ActiveCfg = Debug|Any CPU
		{395D9E16-24D5-47BE-A14D-5403D8E4FDF7}.Debug|x64.Build.0 = Debug|Any CPU
		{395D9E16-24D5-47BE-A14D-5403D8E4FDF7}.Debug|x86.ActiveCfg = Debug|Any CPU
		{395D9E16-24D5-47BE-A14D-5403D8E4FDF7}.Debug|x86.Build.0 = Debug|Any CPU
		{395D9E16-24D5-47BE-A14D-5403D8E4FDF7}.Release|Any CPU.ActiveCfg = Release|Any CPU
		{395D9E16-24D5-47BE-A14D-5403D8E4FDF7}.Release|Any CPU.Build.0 = Release|Any CPU
		{395D9E16-24D5-47BE-A14D-5403D8E4FDF7}.Release|x64.ActiveCfg = Release|Any CPU
		{395D9E16-24D5-47BE-A14D-5403D8E4FDF7}.Release|x64.Build.0 = Release|Any CPU
		{395D9E16-24D5-47BE-A14D-5403D8E4FDF7}.Release|x86.ActiveCfg = Release|Any CPU
		{395D9E16-24D5-47BE-A14D-5403D8E4FDF7}.Release|x86.Build.0 = Release|Any CPU
	EndGlobalSection
	GlobalSection(SolutionProperties) = preSolution
		HideSolutionNode = FALSE
	EndGlobalSection
	GlobalSection(NestedProjects) = preSolution
		{98473DD2-F760-42AA-A048-EEA7E152ECBA} = {304EA55B-E0ED-744F-403F-F060C9752FBF}
		{E95B273C-2ADE-420D-857B-789CDDE38BE8} = {304EA55B-E0ED-744F-403F-F060C9752FBF}
		{DE4E0D19-C6F1-4232-90C4-21CDFD49C2E2} = {304EA55B-E0ED-744F-403F-F060C9752FBF}
		{0AF84FF7-160C-4CBE-BE3E-57C5C6FA8856} = {304EA55B-E0ED-744F-403F-F060C9752FBF}
		{EC6FF6A7-4750-4444-94A8-268E9B8DA983} = {304EA55B-E0ED-744F-403F-F060C9752FBF}
		{3B35C900-18C8-42DF-AE6E-8AE60924DF88} = {304EA55B-E0ED-744F-403F-F060C9752FBF}
		{C0E50200-10E3-4002-AC69-B77FC3CE98B7} = {96AF2565-44E1-78C2-B29D-5629D89543BB}
		{715826F4-EA38-46FC-A669-65FBE8F71E6C} = {96AF2565-44E1-78C2-B29D-5629D89543BB}
		{49C2C54E-6316-4574-92AA-675A1CCEDAA4} = {96AF2565-44E1-78C2-B29D-5629D89543BB}
		{04783CE3-81CE-4291-A3A7-D65D0A5A67B0} = {96AF2565-44E1-78C2-B29D-5629D89543BB}
		{395D9E16-24D5-47BE-A14D-5403D8E4FDF7} = {96AF2565-44E1-78C2-B29D-5629D89543BB}
	EndGlobalSection
EndGlobal
